// !$*UTF8*$!
{
	archiveVersion = 1;
	classes = {
	};
	objectVersion = 50;
	objects = {

/* Begin PBXBuildFile section */
		DD6BA1DA2082B3B0004299C1 /* AppDelegate.m in Sources */ = {isa = PBXBuildFile; fileRef = DD6BA1D92082B3B0004299C1 /* AppDelegate.m */; };
		DD6BA1DD2082B3B0004299C1 /* ViewController.m in Sources */ = {isa = PBXBuildFile; fileRef = DD6BA1DC2082B3B0004299C1 /* ViewController.m */; };
		DD6BA1E02082B3B0004299C1 /* Main.storyboard in Resources */ = {isa = PBXBuildFile; fileRef = DD6BA1DE2082B3B0004299C1 /* Main.storyboard */; };
		DD6BA1E22082B3B1004299C1 /* Assets.xcassets in Resources */ = {isa = PBXBuildFile; fileRef = DD6BA1E12082B3B1004299C1 /* Assets.xcassets */; };
		DD6BA1E52082B3B1004299C1 /* LaunchScreen.storyboard in Resources */ = {isa = PBXBuildFile; fileRef = DD6BA1E32082B3B1004299C1 /* LaunchScreen.storyboard */; settings = {ASSET_TAGS = (LINKEDIN, ); }; };
		DD6BA1E82082B3B1004299C1 /* main.m in Sources */ = {isa = PBXBuildFile; fileRef = DD6BA1E72082B3B1004299C1 /* main.m */; };
		DD6BA1F22082B3B1004299C1 /* MENTRTests.m in Sources */ = {isa = PBXBuildFile; fileRef = DD6BA1F12082B3B1004299C1 /* MENTRTests.m */; };
		DD6BA1FD2082B3B1004299C1 /* MENTRUITests.m in Sources */ = {isa = PBXBuildFile; fileRef = DD6BA1FC2082B3B1004299C1 /* MENTRUITests.m */; };
/* End PBXBuildFile section */

/* Begin PBXContainerItemProxy section */
		DD6BA1EE2082B3B1004299C1 /* PBXContainerItemProxy */ = {
			isa = PBXContainerItemProxy;
			containerPortal = DD6BA1CD2082B3B0004299C1 /* Project object */;
			proxyType = 1;
			remoteGlobalIDString = DD6BA1D42082B3B0004299C1;
			remoteInfo = MENTR;
		};
		DD6BA1F92082B3B1004299C1 /* PBXContainerItemProxy */ = {
			isa = PBXContainerItemProxy;
			containerPortal = DD6BA1CD2082B3B0004299C1 /* Project object */;
			proxyType = 1;
			remoteGlobalIDString = DD6BA1D42082B3B0004299C1;
			remoteInfo = MENTR;
		};
/* End PBXContainerItemProxy section */

/* Begin PBXFileReference section */
		DD6BA1D52082B3B0004299C1 /* MENTR.app */ = {isa = PBXFileReference; explicitFileType = wrapper.application; includeInIndex = 0; path = MENTR.app; sourceTree = BUILT_PRODUCTS_DIR; };
		DD6BA1D82082B3B0004299C1 /* AppDelegate.h */ = {isa = PBXFileReference; lastKnownFileType = sourcecode.c.h; path = AppDelegate.h; sourceTree = "<group>"; };
		DD6BA1D92082B3B0004299C1 /* AppDelegate.m */ = {isa = PBXFileReference; lastKnownFileType = sourcecode.c.objc; path = AppDelegate.m; sourceTree = "<group>"; };
		DD6BA1DB2082B3B0004299C1 /* ViewController.h */ = {isa = PBXFileReference; lastKnownFileType = sourcecode.c.h; path = ViewController.h; sourceTree = "<group>"; };
		DD6BA1DC2082B3B0004299C1 /* ViewController.m */ = {isa = PBXFileReference; lastKnownFileType = sourcecode.c.objc; path = ViewController.m; sourceTree = "<group>"; };
		DD6BA1DF2082B3B0004299C1 /* Base */ = {isa = PBXFileReference; lastKnownFileType = file.storyboard; name = Base; path = Base.lproj/Main.storyboard; sourceTree = "<group>"; };
		DD6BA1E12082B3B1004299C1 /* Assets.xcassets */ = {isa = PBXFileReference; lastKnownFileType = folder.assetcatalog; path = Assets.xcassets; sourceTree = "<group>"; };
		DD6BA1E42082B3B1004299C1 /* Base */ = {isa = PBXFileReference; lastKnownFileType = file.storyboard; name = Base; path = Base.lproj/LaunchScreen.storyboard; sourceTree = "<group>"; };
		DD6BA1E62082B3B1004299C1 /* Info.plist */ = {isa = PBXFileReference; lastKnownFileType = text.plist.xml; path = Info.plist; sourceTree = "<group>"; };
		DD6BA1E72082B3B1004299C1 /* main.m */ = {isa = PBXFileReference; lastKnownFileType = sourcecode.c.objc; path = main.m; sourceTree = "<group>"; };
		DD6BA1ED2082B3B1004299C1 /* MENTRTests.xctest */ = {isa = PBXFileReference; explicitFileType = wrapper.cfbundle; includeInIndex = 0; path = MENTRTests.xctest; sourceTree = BUILT_PRODUCTS_DIR; };
		DD6BA1F12082B3B1004299C1 /* MENTRTests.m */ = {isa = PBXFileReference; lastKnownFileType = sourcecode.c.objc; path = MENTRTests.m; sourceTree = "<group>"; };
		DD6BA1F32082B3B1004299C1 /* Info.plist */ = {isa = PBXFileReference; lastKnownFileType = text.plist.xml; path = Info.plist; sourceTree = "<group>"; };
		DD6BA1F82082B3B1004299C1 /* MENTRUITests.xctest */ = {isa = PBXFileReference; explicitFileType = wrapper.cfbundle; includeInIndex = 0; path = MENTRUITests.xctest; sourceTree = BUILT_PRODUCTS_DIR; };
		DD6BA1FC2082B3B1004299C1 /* MENTRUITests.m */ = {isa = PBXFileReference; lastKnownFileType = sourcecode.c.objc; path = MENTRUITests.m; sourceTree = "<group>"; };
		DD6BA1FE2082B3B1004299C1 /* Info.plist */ = {isa = PBXFileReference; lastKnownFileType = text.plist.xml; path = Info.plist; sourceTree = "<group>"; };
/* End PBXFileReference section */

/* Begin PBXFrameworksBuildPhase section */
		DD6BA1D22082B3B0004299C1 /* Frameworks */ = {
			isa = PBXFrameworksBuildPhase;
			buildActionMask = 2147483647;
			files = (
			);
			runOnlyForDeploymentPostprocessing = 0;
		};
		DD6BA1EA2082B3B1004299C1 /* Frameworks */ = {
			isa = PBXFrameworksBuildPhase;
			buildActionMask = 2147483647;
			files = (
			);
			runOnlyForDeploymentPostprocessing = 0;
		};
		DD6BA1F52082B3B1004299C1 /* Frameworks */ = {
			isa = PBXFrameworksBuildPhase;
			buildActionMask = 2147483647;
			files = (
			);
			runOnlyForDeploymentPostprocessing = 0;
		};
/* End PBXFrameworksBuildPhase section */

/* Begin PBXGroup section */
		DD6BA1CC2082B3B0004299C1 = {
			isa = PBXGroup;
			children = (
				DD6BA1D72082B3B0004299C1 /* MENTR */,
				DD6BA1F02082B3B1004299C1 /* MENTRTests */,
				DD6BA1FB2082B3B1004299C1 /* MENTRUITests */,
				DD6BA1D62082B3B0004299C1 /* Products */,
			);
			sourceTree = "<group>";
		};
		DD6BA1D62082B3B0004299C1 /* Products */ = {
			isa = PBXGroup;
			children = (
				DD6BA1D52082B3B0004299C1 /* MENTR.app */,
				DD6BA1ED2082B3B1004299C1 /* MENTRTests.xctest */,
				DD6BA1F82082B3B1004299C1 /* MENTRUITests.xctest */,
			);
			name = Products;
			sourceTree = "<group>";
		};
		DD6BA1D72082B3B0004299C1 /* MENTR */ = {
			isa = PBXGroup;
			children = (
				DD6BA1D82082B3B0004299C1 /* AppDelegate.h */,
				DD6BA1D92082B3B0004299C1 /* AppDelegate.m */,
				DD6BA1DB2082B3B0004299C1 /* ViewController.h */,
				DD6BA1DC2082B3B0004299C1 /* ViewController.m */,
				DD6BA1DE2082B3B0004299C1 /* Main.storyboard */,
				DD6BA1E12082B3B1004299C1 /* Assets.xcassets */,
				DD6BA1E32082B3B1004299C1 /* LaunchScreen.storyboard */,
				DD6BA1E62082B3B1004299C1 /* Info.plist */,
				DD6BA1E72082B3B1004299C1 /* main.m */,
			);
			path = MENTR;
			sourceTree = "<group>";
		};
		DD6BA1F02082B3B1004299C1 /* MENTRTests */ = {
			isa = PBXGroup;
			children = (
				DD6BA1F12082B3B1004299C1 /* MENTRTests.m */,
				DD6BA1F32082B3B1004299C1 /* Info.plist */,
			);
			path = MENTRTests;
			sourceTree = "<group>";
		};
		DD6BA1FB2082B3B1004299C1 /* MENTRUITests */ = {
			isa = PBXGroup;
			children = (
				DD6BA1FC2082B3B1004299C1 /* MENTRUITests.m */,
				DD6BA1FE2082B3B1004299C1 /* Info.plist */,
			);
			path = MENTRUITests;
			sourceTree = "<group>";
		};
/* End PBXGroup section */

/* Begin PBXNativeTarget section */
		DD6BA1D42082B3B0004299C1 /* MENTR */ = {
			isa = PBXNativeTarget;
			buildConfigurationList = DD6BA2012082B3B1004299C1 /* Build configuration list for PBXNativeTarget "MENTR" */;
			buildPhases = (
				DD6BA1D12082B3B0004299C1 /* Sources */,
				DD6BA1D22082B3B0004299C1 /* Frameworks */,
				DD6BA1D32082B3B0004299C1 /* Resources */,
			);
			buildRules = (
			);
			dependencies = (
			);
			name = MENTR;
			productName = MENTR;
			productReference = DD6BA1D52082B3B0004299C1 /* MENTR.app */;
			productType = "com.apple.product-type.application";
		};
		DD6BA1EC2082B3B1004299C1 /* MENTRTests */ = {
			isa = PBXNativeTarget;
			buildConfigurationList = DD6BA2042082B3B1004299C1 /* Build configuration list for PBXNativeTarget "MENTRTests" */;
			buildPhases = (
				DD6BA1E92082B3B1004299C1 /* Sources */,
				DD6BA1EA2082B3B1004299C1 /* Frameworks */,
				DD6BA1EB2082B3B1004299C1 /* Resources */,
			);
			buildRules = (
			);
			dependencies = (
				DD6BA1EF2082B3B1004299C1 /* PBXTargetDependency */,
			);
			name = MENTRTests;
			productName = MENTRTests;
			productReference = DD6BA1ED2082B3B1004299C1 /* MENTRTests.xctest */;
			productType = "com.apple.product-type.bundle.unit-test";
		};
		DD6BA1F72082B3B1004299C1 /* MENTRUITests */ = {
			isa = PBXNativeTarget;
			buildConfigurationList = DD6BA2072082B3B1004299C1 /* Build configuration list for PBXNativeTarget "MENTRUITests" */;
			buildPhases = (
				DD6BA1F42082B3B1004299C1 /* Sources */,
				DD6BA1F52082B3B1004299C1 /* Frameworks */,
				DD6BA1F62082B3B1004299C1 /* Resources */,
			);
			buildRules = (
			);
			dependencies = (
				DD6BA1FA2082B3B1004299C1 /* PBXTargetDependency */,
			);
			name = MENTRUITests;
			productName = MENTRUITests;
			productReference = DD6BA1F82082B3B1004299C1 /* MENTRUITests.xctest */;
			productType = "com.apple.product-type.bundle.ui-testing";
		};
/* End PBXNativeTarget section */

/* Begin PBXProject section */
		DD6BA1CD2082B3B0004299C1 /* Project object */ = {
			isa = PBXProject;
			attributes = {
				KnownAssetTags = (
					LINKEDIN,
				);
				LastUpgradeCheck = 0930;
				ORGANIZATIONNAME = Slay;
				TargetAttributes = {
					DD6BA1D42082B3B0004299C1 = {
						CreatedOnToolsVersion = 9.3;
					};
					DD6BA1EC2082B3B1004299C1 = {
						CreatedOnToolsVersion = 9.3;
						TestTargetID = DD6BA1D42082B3B0004299C1;
					};
					DD6BA1F72082B3B1004299C1 = {
						CreatedOnToolsVersion = 9.3;
						TestTargetID = DD6BA1D42082B3B0004299C1;
					};
				};
			};
			buildConfigurationList = DD6BA1D02082B3B0004299C1 /* Build configuration list for PBXProject "MENTR" */;
			compatibilityVersion = "Xcode 9.3";
			developmentRegion = en;
			hasScannedForEncodings = 0;
			knownRegions = (
				en,
				Base,
			);
			mainGroup = DD6BA1CC2082B3B0004299C1;
			productRefGroup = DD6BA1D62082B3B0004299C1 /* Products */;
			projectDirPath = "";
			projectRoot = "";
			targets = (
				DD6BA1D42082B3B0004299C1 /* MENTR */,
				DD6BA1EC2082B3B1004299C1 /* MENTRTests */,
				DD6BA1F72082B3B1004299C1 /* MENTRUITests */,
			);
		};
/* End PBXProject section */

/* Begin PBXResourcesBuildPhase section */
		DD6BA1D32082B3B0004299C1 /* Resources */ = {
			isa = PBXResourcesBuildPhase;
			buildActionMask = 2147483647;
			files = (
				DD6BA1E52082B3B1004299C1 /* LaunchScreen.storyboard in Resources */,
				DD6BA1E22082B3B1004299C1 /* Assets.xcassets in Resources */,
				DD6BA1E02082B3B0004299C1 /* Main.storyboard in Resources */,
			);
			runOnlyForDeploymentPostprocessing = 0;
		};
		DD6BA1EB2082B3B1004299C1 /* Resources */ = {
			isa = PBXResourcesBuildPhase;
			buildActionMask = 2147483647;
			files = (
			);
			runOnlyForDeploymentPostprocessing = 0;
		};
		DD6BA1F62082B3B1004299C1 /* Resources */ = {
			isa = PBXResourcesBuildPhase;
			buildActionMask = 2147483647;
			files = (
			);
			runOnlyForDeploymentPostprocessing = 0;
		};
/* End PBXResourcesBuildPhase section */

/* Begin PBXSourcesBuildPhase section */
		DD6BA1D12082B3B0004299C1 /* Sources */ = {
			isa = PBXSourcesBuildPhase;
			buildActionMask = 2147483647;
			files = (
				DD6BA1DD2082B3B0004299C1 /* ViewController.m in Sources */,
				DD6BA1E82082B3B1004299C1 /* main.m in Sources */,
				DD6BA1DA2082B3B0004299C1 /* AppDelegate.m in Sources */,
			);
			runOnlyForDeploymentPostprocessing = 0;
		};
		DD6BA1E92082B3B1004299C1 /* Sources */ = {
			isa = PBXSourcesBuildPhase;
			buildActionMask = 2147483647;
			files = (
				DD6BA1F22082B3B1004299C1 /* MENTRTests.m in Sources */,
			);
			runOnlyForDeploymentPostprocessing = 0;
		};
		DD6BA1F42082B3B1004299C1 /* Sources */ = {
			isa = PBXSourcesBuildPhase;
			buildActionMask = 2147483647;
			files = (
				DD6BA1FD2082B3B1004299C1 /* MENTRUITests.m in Sources */,
			);
			runOnlyForDeploymentPostprocessing = 0;
		};
/* End PBXSourcesBuildPhase section */

/* Begin PBXTargetDependency section */
		DD6BA1EF2082B3B1004299C1 /* PBXTargetDependency */ = {
			isa = PBXTargetDependency;
			target = DD6BA1D42082B3B0004299C1 /* MENTR */;
			targetProxy = DD6BA1EE2082B3B1004299C1 /* PBXContainerItemProxy */;
		};
		DD6BA1FA2082B3B1004299C1 /* PBXTargetDependency */ = {
			isa = PBXTargetDependency;
			target = DD6BA1D42082B3B0004299C1 /* MENTR */;
			targetProxy = DD6BA1F92082B3B1004299C1 /* PBXContainerItemProxy */;
		};
/* End PBXTargetDependency section */

/* Begin PBXVariantGroup section */
		DD6BA1DE2082B3B0004299C1 /* Main.storyboard */ = {
			isa = PBXVariantGroup;
			children = (
				DD6BA1DF2082B3B0004299C1 /* Base */,
			);
			name = Main.storyboard;
			sourceTree = "<group>";
		};
		DD6BA1E32082B3B1004299C1 /* LaunchScreen.storyboard */ = {
			isa = PBXVariantGroup;
			children = (
				DD6BA1E42082B3B1004299C1 /* Base */,
			);
			name = LaunchScreen.storyboard;
			sourceTree = "<group>";
		};
/* End PBXVariantGroup section */

/* Begin XCBuildConfiguration section */
		DD6BA1FF2082B3B1004299C1 /* Debug */ = {
			isa = XCBuildConfiguration;
			buildSettings = {
				ALWAYS_SEARCH_USER_PATHS = NO;
				CLANG_ANALYZER_NONNULL = YES;
				CLANG_ANALYZER_NUMBER_OBJECT_CONVERSION = YES_AGGRESSIVE;
				CLANG_CXX_LANGUAGE_STANDARD = "gnu++14";
				CLANG_CXX_LIBRARY = "libc++";
				CLANG_ENABLE_MODULES = YES;
				CLANG_ENABLE_OBJC_ARC = YES;
				CLANG_ENABLE_OBJC_WEAK = YES;
				CLANG_WARN_BLOCK_CAPTURE_AUTORELEASING = YES;
				CLANG_WARN_BOOL_CONVERSION = YES;
				CLANG_WARN_COMMA = YES;
				CLANG_WARN_CONSTANT_CONVERSION = YES;
				CLANG_WARN_DEPRECATED_OBJC_IMPLEMENTATIONS = YES;
				CLANG_WARN_DIRECT_OBJC_ISA_USAGE = YES_ERROR;
				CLANG_WARN_DOCUMENTATION_COMMENTS = YES;
				CLANG_WARN_EMPTY_BODY = YES;
				CLANG_WARN_ENUM_CONVERSION = YES;
				CLANG_WARN_INFINITE_RECURSION = YES;
				CLANG_WARN_INT_CONVERSION = YES;
				CLANG_WARN_NON_LITERAL_NULL_CONVERSION = YES;
				CLANG_WARN_OBJC_IMPLICIT_RETAIN_SELF = YES;
				CLANG_WARN_OBJC_LITERAL_CONVERSION = YES;
				CLANG_WARN_OBJC_ROOT_CLASS = YES_ERROR;
				CLANG_WARN_RANGE_LOOP_ANALYSIS = YES;
				CLANG_WARN_STRICT_PROTOTYPES = YES;
				CLANG_WARN_SUSPICIOUS_MOVE = YES;
				CLANG_WARN_UNGUARDED_AVAILABILITY = YES_AGGRESSIVE;
				CLANG_WARN_UNREACHABLE_CODE = YES;
				CLANG_WARN__DUPLICATE_METHOD_MATCH = YES;
				CODE_SIGN_IDENTITY = "iPhone Developer";
				COPY_PHASE_STRIP = NO;
				DEBUG_INFORMATION_FORMAT = dwarf;
				ENABLE_STRICT_OBJC_MSGSEND = YES;
				ENABLE_TESTABILITY = YES;
				GCC_C_LANGUAGE_STANDARD = gnu11;
				GCC_DYNAMIC_NO_PIC = NO;
				GCC_NO_COMMON_BLOCKS = YES;
				GCC_OPTIMIZATION_LEVEL = 0;
				GCC_PREPROCESSOR_DEFINITIONS = (
					"DEBUG=1",
					"$(inherited)",
				);
				GCC_WARN_64_TO_32_BIT_CONVERSION = YES;
				GCC_WARN_ABOUT_RETURN_TYPE = YES_ERROR;
				GCC_WARN_UNDECLARED_SELECTOR = YES;
				GCC_WARN_UNINITIALIZED_AUTOS = YES_AGGRESSIVE;
				GCC_WARN_UNUSED_FUNCTION = YES;
				GCC_WARN_UNUSED_VARIABLE = YES;
				IPHONEOS_DEPLOYMENT_TARGET = 11.3;
				MTL_ENABLE_DEBUG_INFO = YES;
				ONLY_ACTIVE_ARCH = YES;
				SDKROOT = iphoneos;
			};
			name = Debug;
		};
		DD6BA2002082B3B1004299C1 /* Release */ = {
			isa = XCBuildConfiguration;
			buildSettings = {
				ALWAYS_SEARCH_USER_PATHS = NO;
				CLANG_ANALYZER_NONNULL = YES;
				CLANG_ANALYZER_NUMBER_OBJECT_CONVERSION = YES_AGGRESSIVE;
				CLANG_CXX_LANGUAGE_STANDARD = "gnu++14";
				CLANG_CXX_LIBRARY = "libc++";
				CLANG_ENABLE_MODULES = YES;
				CLANG_ENABLE_OBJC_ARC = YES;
				CLANG_ENABLE_OBJC_WEAK = YES;
				CLANG_WARN_BLOCK_CAPTURE_AUTORELEASING = YES;
				CLANG_WARN_BOOL_CONVERSION = YES;
				CLANG_WARN_COMMA = YES;
				CLANG_WARN_CONSTANT_CONVERSION = YES;
				CLANG_WARN_DEPRECATED_OBJC_IMPLEMENTATIONS = YES;
				CLANG_WARN_DIRECT_OBJC_ISA_USAGE = YES_ERROR;
				CLANG_WARN_DOCUMENTATION_COMMENTS = YES;
				CLANG_WARN_EMPTY_BODY = YES;
				CLANG_WARN_ENUM_CONVERSION = YES;
				CLANG_WARN_INFINITE_RECURSION = YES;
				CLANG_WARN_INT_CONVERSION = YES;
				CLANG_WARN_NON_LITERAL_NULL_CONVERSION = YES;
				CLANG_WARN_OBJC_IMPLICIT_RETAIN_SELF = YES;
				CLANG_WARN_OBJC_LITERAL_CONVERSION = YES;
				CLANG_WARN_OBJC_ROOT_CLASS = YES_ERROR;
				CLANG_WARN_RANGE_LOOP_ANALYSIS = YES;
				CLANG_WARN_STRICT_PROTOTYPES = YES;
				CLANG_WARN_SUSPICIOUS_MOVE = YES;
				CLANG_WARN_UNGUARDED_AVAILABILITY = YES_AGGRESSIVE;
				CLANG_WARN_UNREACHABLE_CODE = YES;
				CLANG_WARN__DUPLICATE_METHOD_MATCH = YES;
				CODE_SIGN_IDENTITY = "iPhone Developer";
				COPY_PHASE_STRIP = NO;
				DEBUG_INFORMATION_FORMAT = "dwarf-with-dsym";
				ENABLE_NS_ASSERTIONS = NO;
				ENABLE_STRICT_OBJC_MSGSEND = YES;
				GCC_C_LANGUAGE_STANDARD = gnu11;
				GCC_NO_COMMON_BLOCKS = YES;
				GCC_WARN_64_TO_32_BIT_CONVERSION = YES;
				GCC_WARN_ABOUT_RETURN_TYPE = YES_ERROR;
				GCC_WARN_UNDECLARED_SELECTOR = YES;
				GCC_WARN_UNINITIALIZED_AUTOS = YES_AGGRESSIVE;
				GCC_WARN_UNUSED_FUNCTION = YES;
				GCC_WARN_UNUSED_VARIABLE = YES;
				IPHONEOS_DEPLOYMENT_TARGET = 11.3;
				MTL_ENABLE_DEBUG_INFO = NO;
				SDKROOT = iphoneos;
				VALIDATE_PRODUCT = YES;
			};
			name = Release;
		};
		DD6BA2022082B3B1004299C1 /* Debug */ = {
			isa = XCBuildConfiguration;
			buildSettings = {
				ASSETCATALOG_COMPILER_APPICON_NAME = AppIcon;
				CODE_SIGN_STYLE = Automatic;
				DEVELOPMENT_TEAM = K8VAMAPT5T;
				INFOPLIST_FILE = MENTR/Info.plist;
				LD_RUNPATH_SEARCH_PATHS = (
					"$(inherited)",
					"@executable_path/Frameworks",
				);
				PRODUCT_BUNDLE_IDENTIFIER = MS.MENTR;
				PRODUCT_NAME = "$(TARGET_NAME)";
				TARGETED_DEVICE_FAMILY = "1,2";
			};
			name = Debug;
		};
		DD6BA2032082B3B1004299C1 /* Release */ = {
			isa = XCBuildConfiguration;
			buildSettings = {
				ASSETCATALOG_COMPILER_APPICON_NAME = AppIcon;
				CODE_SIGN_STYLE = Automatic;
				DEVELOPMENT_TEAM = K8VAMAPT5T;
				INFOPLIST_FILE = MENTR/Info.plist;
				LD_RUNPATH_SEARCH_PATHS = (
					"$(inherited)",
					"@executable_path/Frameworks",
				);
				PRODUCT_BUNDLE_IDENTIFIER = MS.MENTR;
				PRODUCT_NAME = "$(TARGET_NAME)";
				TARGETED_DEVICE_FAMILY = "1,2";
			};
			name = Release;
		};
		DD6BA2052082B3B1004299C1 /* Debug */ = {
			isa = XCBuildConfiguration;
			buildSettings = {
				BUNDLE_LOADER = "$(TEST_HOST)";
				CODE_SIGN_STYLE = Automatic;
				DEVELOPMENT_TEAM = K8VAMAPT5T;
				INFOPLIST_FILE = MENTRTests/Info.plist;
				LD_RUNPATH_SEARCH_PATHS = (
					"$(inherited)",
					"@executable_path/Frameworks",
					"@loader_path/Frameworks",
				);
				PRODUCT_BUNDLE_IDENTIFIER = MS.MENTRTests;
				PRODUCT_NAME = "$(TARGET_NAME)";
				TARGETED_DEVICE_FAMILY = "1,2";
				TEST_HOST = "$(BUILT_PRODUCTS_DIR)/MENTR.app/MENTR";
			};
			name = Debug;
		};
		DD6BA2062082B3B1004299C1 /* Release */ = {
			isa = XCBuildConfiguration;
			buildSettings = {
				BUNDLE_LOADER = "$(TEST_HOST)";
				CODE_SIGN_STYLE = Automatic;
				DEVELOPMENT_TEAM = K8VAMAPT5T;
				INFOPLIST_FILE = MENTRTests/Info.plist;
				LD_RUNPATH_SEARCH_PATHS = (
					"$(inherited)",
					"@executable_path/Frameworks",
					"@loader_path/Frameworks",
				);
				PRODUCT_BUNDLE_IDENTIFIER = MS.MENTRTests;
				PRODUCT_NAME = "$(TARGET_NAME)";
				TARGETED_DEVICE_FAMILY = "1,2";
				TEST_HOST = "$(BUILT_PRODUCTS_DIR)/MENTR.app/MENTR";
			};
			name = Release;
		};
		DD6BA2082082B3B1004299C1 /* Debug */ = {
			isa = XCBuildConfiguration;
			buildSettings = {
				CODE_SIGN_STYLE = Automatic;
				DEVELOPMENT_TEAM = K8VAMAPT5T;
				INFOPLIST_FILE = MENTRUITests/Info.plist;
				LD_RUNPATH_SEARCH_PATHS = (
					"$(inherited)",
					"@executable_path/Frameworks",
					"@loader_path/Frameworks",
				);
				PRODUCT_BUNDLE_IDENTIFIER = MS.MENTRUITests;
				PRODUCT_NAME = "$(TARGET_NAME)";
				TARGETED_DEVICE_FAMILY = "1,2";
				TEST_TARGET_NAME = MENTR;
			};
			name = Debug;
		};
		DD6BA2092082B3B1004299C1 /* Release */ = {
			isa = XCBuildConfiguration;
			buildSettings = {
				CODE_SIGN_STYLE = Automatic;
				DEVELOPMENT_TEAM = K8VAMAPT5T;
				INFOPLIST_FILE = MENTRUITests/Info.plist;
				LD_RUNPATH_SEARCH_PATHS = (
					"$(inherited)",
					"@executable_path/Frameworks",
					"@loader_path/Frameworks",
				);
				PRODUCT_BUNDLE_IDENTIFIER = MS.MENTRUITests;
				PRODUCT_NAME = "$(TARGET_NAME)";
				TARGETED_DEVICE_FAMILY = "1,2";
				TEST_TARGET_NAME = MENTR;
			};
			name = Release;
		};
/* End XCBuildConfiguration section */

/* Begin XCConfigurationList section */
		DD6BA1D02082B3B0004299C1 /* Build configuration list for PBXProject "MENTR" */ = {
			isa = XCConfigurationList;
			buildConfigurations = (
				DD6BA1FF2082B3B1004299C1 /* Debug */,
				DD6BA2002082B3B1004299C1 /* Release */,
			);
			defaultConfigurationIsVisible = 0;
			defaultConfigurationName = Release;
		};
		DD6BA2012082B3B1004299C1 /* Build configuration list for PBXNativeTarget "MENTR" */ = {
			isa = XCConfigurationList;
			buildConfigurations = (
				DD6BA2022082B3B1004299C1 /* Debug */,
				DD6BA2032082B3B1004299C1 /* Release */,
			);
			defaultConfigurationIsVisible = 0;
			defaultConfigurationName = Release;
		};
		DD6BA2042082B3B1004299C1 /* Build configuration list for PBXNativeTarget "MENTRTests" */ = {
			isa = XCConfigurationList;
			buildConfigurations = (
				DD6BA2052082B3B1004299C1 /* Debug */,
				DD6BA2062082B3B1004299C1 /* Release */,
			);
			defaultConfigurationIsVisible = 0;
			defaultConfigurationName = Release;
		};
		DD6BA2072082B3B1004299C1 /* Build configuration list for PBXNativeTarget "MENTRUITests" */ = {
			isa = XCConfigurationList;
			buildConfigurations = (
				DD6BA2082082B3B1004299C1 /* Debug */,
				DD6BA2092082B3B1004299C1 /* Release */,
			);
			defaultConfigurationIsVisible = 0;
			defaultConfigurationName = Release;
		};
/* End XCConfigurationList section */
	};
	rootObject = DD6BA1CD2082B3B0004299C1 /* Project object */;
}
